
Microsoft Visual Studio Solution File, Format Version 12.00
# Visual Studio Version 16
VisualStudioVersion = 16.0.32002.261
MinimumVisualStudioVersion = 10.0.40219.1
Project("{FAE04EC0-301F-11D3-BF4B-00C04F79EFBC}") = "Mission1", "Mission1\Mission1.csproj", "{B450DC8B-E70E-4463-A02B-55E42B966003}"
EndProject
Global
	GlobalSection(SolutionConfigurationPlatforms) = preSolution
		Debug|Any CPU = Debug|Any CPU
		Release|Any CPU = Release|Any CPU
	EndGlobalSection
	GlobalSection(ProjectConfigurationPlatforms) = postSolution
		{B450DC8B-E70E-4463-A02B-55E42B966003}.Debug|Any CPU.ActiveCfg = Debug|Any CPU
		{B450DC8B-E70E-4463-A02B-55E42B966003}.Debug|Any CPU.Build.0 = Debug|Any CPU
		{B450DC8B-E70E-4463-A02B-55E42B966003}.Release|Any CPU.ActiveCfg = Release|Any CPU
		{B450DC8B-E70E-4463-A02B-55E42B966003}.Release|Any CPU.Build.0 = Release|Any CPU
	EndGlobalSection
	GlobalSection(SolutionProperties) = preSolution
		HideSolutionNode = FALSE
	EndGlobalSection
	GlobalSection(ExtensibilityGlobals) = postSolution
		SolutionGuid = {046FD308-4C7C-4727-9FF6-36DF9A9D78B2}
	EndGlobalSection
EndGlobal
